
Microsoft Visual Studio Solution File, Format Version 12.00
# Visual Studio Version 17
VisualStudioVersion = 17.3.32901.215
MinimumVisualStudioVersion = 10.0.40219.1
Project("{9A19103F-16F7-4668-BE54-9A1E7A4F7556}") = "SourceDepend", "src\SourceDepend\SourceDepend.csproj", "{5C1C5EE5-271C-422E-9D59-F9F097FB52AB}"
EndProject
Project("{FAE04EC0-301F-11D3-BF4B-00C04F79EFBC}") = "ConsoleApp", "test\ConsoleApp\ConsoleApp.csproj", "{5652E1DB-A1A0-475E-918E-86FE81F8148F}"
EndProject
Project("{2150E333-8FDC-42A3-9474-1A3956D46DE8}") = "src", "src", "{F369B071-56DB-4506-ABAD-FA3561CF6AF2}"
EndProject
Project("{2150E333-8FDC-42A3-9474-1A3956D46DE8}") = "tst", "tst", "{7877D9E3-397E-4E23-85B4-A80064F63452}"
EndProject
Global
	GlobalSection(SolutionConfigurationPlatforms) = preSolution
		Debug|Any CPU = Debug|Any CPU
		Release|Any CPU = Release|Any CPU
	EndGlobalSection
	GlobalSection(ProjectConfigurationPlatforms) = postSolution
		{5C1C5EE5-271C-422E-9D59-F9F097FB52AB}.Debug|Any CPU.ActiveCfg = Debug|Any CPU
		{5C1C5EE5-271C-422E-9D59-F9F097FB52AB}.Debug|Any CPU.Build.0 = Debug|Any CPU
		{5C1C5EE5-271C-422E-9D59-F9F097FB52AB}.Release|Any CPU.ActiveCfg = Release|Any CPU
		{5C1C5EE5-271C-422E-9D59-F9F097FB52AB}.Release|Any CPU.Build.0 = Release|Any CPU
		{5652E1DB-A1A0-475E-918E-86FE81F8148F}.Debug|Any CPU.ActiveCfg = Debug|Any CPU
		{5652E1DB-A1A0-475E-918E-86FE81F8148F}.Debug|Any CPU.Build.0 = Debug|Any CPU
		{5652E1DB-A1A0-475E-918E-86FE81F8148F}.Release|Any CPU.ActiveCfg = Release|Any CPU
		{5652E1DB-A1A0-475E-918E-86FE81F8148F}.Release|Any CPU.Build.0 = Release|Any CPU
	EndGlobalSection
	GlobalSection(SolutionProperties) = preSolution
		HideSolutionNode = FALSE
	EndGlobalSection
	GlobalSection(NestedProjects) = preSolution
		{5C1C5EE5-271C-422E-9D59-F9F097FB52AB} = {F369B071-56DB-4506-ABAD-FA3561CF6AF2}
		{5652E1DB-A1A0-475E-918E-86FE81F8148F} = {7877D9E3-397E-4E23-85B4-A80064F63452}
	EndGlobalSection
	GlobalSection(ExtensibilityGlobals) = postSolution
		SolutionGuid = {E6915DA5-C090-494C-85F1-ACDA67D6CBE5}
	EndGlobalSection
EndGlobal
